// !$*UTF8*$!
{
	archiveVersion = 1;
	classes = {
	};
	objectVersion = 56;
	objects = {

/* Begin PBXBuildFile section */
		0B0732AE2D3DD677008EAE7B /* CLPlacemark+Extension.swift in Sources */ = {isa = PBXBuildFile; fileRef = 0B0732AD2D3DD677008EAE7B /* CLPlacemark+Extension.swift */; };
		0B0732B12D3DD828008EAE7B /* LocationUtils.swift in Sources */ = {isa = PBXBuildFile; fileRef = 0B0732B02D3DD828008EAE7B /* LocationUtils.swift */; };
		0B0732B42D3DE20F008EAE7B /* TimeOfDayGreetings.swift in Sources */ = {isa = PBXBuildFile; fileRef = 0B0732B32D3DE20F008EAE7B /* TimeOfDayGreetings.swift */; };
		0B0732B72D3DE499008EAE7B /* quotes.json in Resources */ = {isa = PBXBuildFile; fileRef = 0B0732B62D3DE499008EAE7B /* quotes.json */; };
		0B0732BA2D3DE4D7008EAE7B /* Quotes.swift in Sources */ = {isa = PBXBuildFile; fileRef = 0B0732B92D3DE4D7008EAE7B /* Quotes.swift */; };
		0B0732BC2D3DE50B008EAE7B /* QuoteProvider.swift in Sources */ = {isa = PBXBuildFile; fileRef = 0B0732BB2D3DE50B008EAE7B /* QuoteProvider.swift */; };
		0B1645502D42A7A800BD1116 /* String+Extenssion.swift in Sources */ = {isa = PBXBuildFile; fileRef = 0B16454F2D42A7A800BD1116 /* String+Extenssion.swift */; };
		0B1715A92D431CEF001223F7 /* AmiKoi.xcdatamodeld in Sources */ = {isa = PBXBuildFile; fileRef = 0B1715A72D431CEF001223F7 /* AmiKoi.xcdatamodeld */; };
		0B1715AD2D431D78001223F7 /* PersistenceController.swift in Sources */ = {isa = PBXBuildFile; fileRef = 0B1715AC2D431D78001223F7 /* PersistenceController.swift */; };
		0B1E421C2D4123AD004B6FBD /* ArgEnum.swift in Sources */ = {isa = PBXBuildFile; fileRef = 0B1E421B2D4123AD004B6FBD /* ArgEnum.swift */; };
		0B348CDA2D3F26DD00A37C15 /* Route.swift in Sources */ = {isa = PBXBuildFile; fileRef = 0B348CD92D3F26DD00A37C15 /* Route.swift */; };
		0B348CDC2D3F26EA00A37C15 /* Router.swift in Sources */ = {isa = PBXBuildFile; fileRef = 0B348CDB2D3F26EA00A37C15 /* Router.swift */; };
		0B348CDE2D3F270600A37C15 /* RouteHandler.swift in Sources */ = {isa = PBXBuildFile; fileRef = 0B348CDD2D3F270600A37C15 /* RouteHandler.swift */; };
		0B348CE02D3F298700A37C15 /* MapSelectionView.swift in Sources */ = {isa = PBXBuildFile; fileRef = 0B348CDF2D3F298700A37C15 /* MapSelectionView.swift */; };
		0B348CE22D3F2D9B00A37C15 /* RemindersView.swift in Sources */ = {isa = PBXBuildFile; fileRef = 0B348CE12D3F2D9B00A37C15 /* RemindersView.swift */; };
		0B348CE42D3F348C00A37C15 /* ReminderRoot.swift in Sources */ = {isa = PBXBuildFile; fileRef = 0B348CE32D3F348C00A37C15 /* ReminderRoot.swift */; };
		0B51A6712D451D2100E6CD8C /* NotificationDelegate.swift in Sources */ = {isa = PBXBuildFile; fileRef = 0B51A6702D451D2100E6CD8C /* NotificationDelegate.swift */; };
		0B5CAB6E2D44953900C93954 /* LocationManagerService.swift in Sources */ = {isa = PBXBuildFile; fileRef = 0B5CAB6D2D44953900C93954 /* LocationManagerService.swift */; };
		0B5CAB702D4498D500C93954 /* TaskManager.swift in Sources */ = {isa = PBXBuildFile; fileRef = 0B5CAB6F2D4498D500C93954 /* TaskManager.swift */; };
		0BB065242D432D62001D1B77 /* TaskRowView.swift in Sources */ = {isa = PBXBuildFile; fileRef = 0BB065232D432D62001D1B77 /* TaskRowView.swift */; };
		0BB71F9C2D4084570054E85C /* LocationManager.swift in Sources */ = {isa = PBXBuildFile; fileRef = 0BB71F9B2D4084570054E85C /* LocationManager.swift */; };
		0BD2FC8D2D3E8E94005E07BF /* GradientText.swift in Sources */ = {isa = PBXBuildFile; fileRef = 0BD2FC8C2D3E8E94005E07BF /* GradientText.swift */; };
		0BD2FC8F2D3EB55D005E07BF /* SetReminderView.swift in Sources */ = {isa = PBXBuildFile; fileRef = 0BD2FC8E2D3EB55D005E07BF /* SetReminderView.swift */; };
		0BD2FC912D3EBA47005E07BF /* View+Extension.swift in Sources */ = {isa = PBXBuildFile; fileRef = 0BD2FC902D3EBA47005E07BF /* View+Extension.swift */; };
		0BED14CB2D46AB75001ECB21 /* EditAddressView.swift in Sources */ = {isa = PBXBuildFile; fileRef = 0BED14CA2D46AB75001ECB21 /* EditAddressView.swift */; };
		0BFDEF8B2D3D55E100ABF97D /* Ami_koiApp.swift in Sources */ = {isa = PBXBuildFile; fileRef = 0BFDEF8A2D3D55E100ABF97D /* Ami_koiApp.swift */; };
		0BFDEF8F2D3D55E200ABF97D /* Assets.xcassets in Resources */ = {isa = PBXBuildFile; fileRef = 0BFDEF8E2D3D55E200ABF97D /* Assets.xcassets */; };
		0BFDEF922D3D55E200ABF97D /* Preview Assets.xcassets in Resources */ = {isa = PBXBuildFile; fileRef = 0BFDEF912D3D55E200ABF97D /* Preview Assets.xcassets */; };
		0BFDEF992D3D5D3C00ABF97D /* LocationRoot.swift in Sources */ = {isa = PBXBuildFile; fileRef = 0BFDEF982D3D5D3C00ABF97D /* LocationRoot.swift */; };
		0BFDEF9B2D3D615500ABF97D /* HomeView.swift in Sources */ = {isa = PBXBuildFile; fileRef = 0BFDEF9A2D3D615500ABF97D /* HomeView.swift */; };
/* End PBXBuildFile section */

/* Begin PBXFileReference section */
		0B0732AD2D3DD677008EAE7B /* CLPlacemark+Extension.swift */ = {isa = PBXFileReference; lastKnownFileType = sourcecode.swift; path = "CLPlacemark+Extension.swift"; sourceTree = "<group>"; };
		0B0732B02D3DD828008EAE7B /* LocationUtils.swift */ = {isa = PBXFileReference; lastKnownFileType = sourcecode.swift; path = LocationUtils.swift; sourceTree = "<group>"; };
		0B0732B32D3DE20F008EAE7B /* TimeOfDayGreetings.swift */ = {isa = PBXFileReference; lastKnownFileType = sourcecode.swift; path = TimeOfDayGreetings.swift; sourceTree = "<group>"; };
		0B0732B62D3DE499008EAE7B /* quotes.json */ = {isa = PBXFileReference; lastKnownFileType = text.json; path = quotes.json; sourceTree = "<group>"; };
		0B0732B92D3DE4D7008EAE7B /* Quotes.swift */ = {isa = PBXFileReference; lastKnownFileType = sourcecode.swift; path = Quotes.swift; sourceTree = "<group>"; };
		0B0732BB2D3DE50B008EAE7B /* QuoteProvider.swift */ = {isa = PBXFileReference; lastKnownFileType = sourcecode.swift; path = QuoteProvider.swift; sourceTree = "<group>"; };
		0B16454F2D42A7A800BD1116 /* String+Extenssion.swift */ = {isa = PBXFileReference; lastKnownFileType = sourcecode.swift; path = "String+Extenssion.swift"; sourceTree = "<group>"; };
		0B1715A82D431CEF001223F7 /* AmiKoi.xcdatamodel */ = {isa = PBXFileReference; lastKnownFileType = wrapper.xcdatamodel; path = AmiKoi.xcdatamodel; sourceTree = "<group>"; };
		0B1715AC2D431D78001223F7 /* PersistenceController.swift */ = {isa = PBXFileReference; lastKnownFileType = sourcecode.swift; path = PersistenceController.swift; sourceTree = "<group>"; };
		0B1E421B2D4123AD004B6FBD /* ArgEnum.swift */ = {isa = PBXFileReference; lastKnownFileType = sourcecode.swift; path = ArgEnum.swift; sourceTree = "<group>"; };
		0B348CD92D3F26DD00A37C15 /* Route.swift */ = {isa = PBXFileReference; lastKnownFileType = sourcecode.swift; path = Route.swift; sourceTree = "<group>"; };
		0B348CDB2D3F26EA00A37C15 /* Router.swift */ = {isa = PBXFileReference; lastKnownFileType = sourcecode.swift; path = Router.swift; sourceTree = "<group>"; };
		0B348CDD2D3F270600A37C15 /* RouteHandler.swift */ = {isa = PBXFileReference; lastKnownFileType = sourcecode.swift; path = RouteHandler.swift; sourceTree = "<group>"; };
		0B348CDF2D3F298700A37C15 /* MapSelectionView.swift */ = {isa = PBXFileReference; lastKnownFileType = sourcecode.swift; path = MapSelectionView.swift; sourceTree = "<group>"; };
		0B348CE12D3F2D9B00A37C15 /* RemindersView.swift */ = {isa = PBXFileReference; lastKnownFileType = sourcecode.swift; path = RemindersView.swift; sourceTree = "<group>"; };
		0B348CE32D3F348C00A37C15 /* ReminderRoot.swift */ = {isa = PBXFileReference; lastKnownFileType = sourcecode.swift; path = ReminderRoot.swift; sourceTree = "<group>"; };
		0B51A6702D451D2100E6CD8C /* NotificationDelegate.swift */ = {isa = PBXFileReference; lastKnownFileType = sourcecode.swift; path = NotificationDelegate.swift; sourceTree = "<group>"; };
		0B5CAB6D2D44953900C93954 /* LocationManagerService.swift */ = {isa = PBXFileReference; lastKnownFileType = sourcecode.swift; path = LocationManagerService.swift; sourceTree = "<group>"; };
		0B5CAB6F2D4498D500C93954 /* TaskManager.swift */ = {isa = PBXFileReference; lastKnownFileType = sourcecode.swift; path = TaskManager.swift; sourceTree = "<group>"; };
		0BB065232D432D62001D1B77 /* TaskRowView.swift */ = {isa = PBXFileReference; lastKnownFileType = sourcecode.swift; path = TaskRowView.swift; sourceTree = "<group>"; };
		0BB71F9B2D4084570054E85C /* LocationManager.swift */ = {isa = PBXFileReference; lastKnownFileType = sourcecode.swift; path = LocationManager.swift; sourceTree = "<group>"; };
		0BD2FC8C2D3E8E94005E07BF /* GradientText.swift */ = {isa = PBXFileReference; lastKnownFileType = sourcecode.swift; path = GradientText.swift; sourceTree = "<group>"; };
		0BD2FC8E2D3EB55D005E07BF /* SetReminderView.swift */ = {isa = PBXFileReference; lastKnownFileType = sourcecode.swift; path = SetReminderView.swift; sourceTree = "<group>"; };
		0BD2FC902D3EBA47005E07BF /* View+Extension.swift */ = {isa = PBXFileReference; lastKnownFileType = sourcecode.swift; path = "View+Extension.swift"; sourceTree = "<group>"; };
		0BED14CA2D46AB75001ECB21 /* EditAddressView.swift */ = {isa = PBXFileReference; lastKnownFileType = sourcecode.swift; path = EditAddressView.swift; sourceTree = "<group>"; };
		0BFDEF872D3D55E100ABF97D /* Ami koi.app */ = {isa = PBXFileReference; explicitFileType = wrapper.application; includeInIndex = 0; path = "Ami koi.app"; sourceTree = BUILT_PRODUCTS_DIR; };
		0BFDEF8A2D3D55E100ABF97D /* Ami_koiApp.swift */ = {isa = PBXFileReference; lastKnownFileType = sourcecode.swift; path = Ami_koiApp.swift; sourceTree = "<group>"; };
		0BFDEF8E2D3D55E200ABF97D /* Assets.xcassets */ = {isa = PBXFileReference; lastKnownFileType = folder.assetcatalog; path = Assets.xcassets; sourceTree = "<group>"; };
		0BFDEF912D3D55E200ABF97D /* Preview Assets.xcassets */ = {isa = PBXFileReference; lastKnownFileType = folder.assetcatalog; path = "Preview Assets.xcassets"; sourceTree = "<group>"; };
		0BFDEF982D3D5D3C00ABF97D /* LocationRoot.swift */ = {isa = PBXFileReference; lastKnownFileType = sourcecode.swift; path = LocationRoot.swift; sourceTree = "<group>"; };
		0BFDEF9A2D3D615500ABF97D /* HomeView.swift */ = {isa = PBXFileReference; lastKnownFileType = sourcecode.swift; path = HomeView.swift; sourceTree = "<group>"; };
		0BFDEF9C2D3D634F00ABF97D /* Ami-koi-Info.plist */ = {isa = PBXFileReference; lastKnownFileType = text.plist; path = "Ami-koi-Info.plist"; sourceTree = SOURCE_ROOT; };
/* End PBXFileReference section */

/* Begin PBXFrameworksBuildPhase section */
		0BFDEF842D3D55E100ABF97D /* Frameworks */ = {
			isa = PBXFrameworksBuildPhase;
			buildActionMask = 2147483647;
			files = (
			);
			runOnlyForDeploymentPostprocessing = 0;
		};
/* End PBXFrameworksBuildPhase section */

/* Begin PBXGroup section */
		0B0732AC2D3DD650008EAE7B /* Exensions */ = {
			isa = PBXGroup;
			children = (
				0B0732AD2D3DD677008EAE7B /* CLPlacemark+Extension.swift */,
				0BD2FC902D3EBA47005E07BF /* View+Extension.swift */,
				0B16454F2D42A7A800BD1116 /* String+Extenssion.swift */,
			);
			path = Exensions;
			sourceTree = "<group>";
		};
		0B0732AF2D3DD7DD008EAE7B /* Utils */ = {
			isa = PBXGroup;
			children = (
				0B0732B02D3DD828008EAE7B /* LocationUtils.swift */,
				0B0732BB2D3DE50B008EAE7B /* QuoteProvider.swift */,
			);
			path = Utils;
			sourceTree = "<group>";
		};
		0B0732B22D3DE1F4008EAE7B /* Enum */ = {
			isa = PBXGroup;
			children = (
				0B0732B32D3DE20F008EAE7B /* TimeOfDayGreetings.swift */,
			);
			path = Enum;
			sourceTree = "<group>";
		};
		0B0732B52D3DE483008EAE7B /* Resources */ = {
			isa = PBXGroup;
			children = (
				0B0732B62D3DE499008EAE7B /* quotes.json */,
			);
			path = Resources;
			sourceTree = "<group>";
		};
		0B0732B82D3DE4C7008EAE7B /* Models */ = {
			isa = PBXGroup;
			children = (
				0B0732B92D3DE4D7008EAE7B /* Quotes.swift */,
			);
			path = Models;
			sourceTree = "<group>";
		};
		0B1715AA2D431D21001223F7 /* Services */ = {
			isa = PBXGroup;
			children = (
				0B5CAB6C2D44952800C93954 /* Location */,
				0B1715AB2D431D3F001223F7 /* Persistence */,
				0B51A6702D451D2100E6CD8C /* NotificationDelegate.swift */,
			);
			path = Services;
			sourceTree = "<group>";
		};
		0B1715AB2D431D3F001223F7 /* Persistence */ = {
			isa = PBXGroup;
			children = (
				0B1715AC2D431D78001223F7 /* PersistenceController.swift */,
				0B5CAB6F2D4498D500C93954 /* TaskManager.swift */,
			);
			path = Persistence;
			sourceTree = "<group>";
		};
		0B348CD82D3F25FB00A37C15 /* Router */ = {
			isa = PBXGroup;
			children = (
				0B348CD92D3F26DD00A37C15 /* Route.swift */,
				0B348CDB2D3F26EA00A37C15 /* Router.swift */,
				0B348CDD2D3F270600A37C15 /* RouteHandler.swift */,
				0B1E421B2D4123AD004B6FBD /* ArgEnum.swift */,
			);
			path = Router;
			sourceTree = "<group>";
		};
		0B5CAB6C2D44952800C93954 /* Location */ = {
			isa = PBXGroup;
			children = (
				0B5CAB6D2D44953900C93954 /* LocationManagerService.swift */,
			);
			path = Location;
			sourceTree = "<group>";
		};
		0B66473B2D40C63400FB9C75 /* Views */ = {
			isa = PBXGroup;
			children = (
				0BFDEF9A2D3D615500ABF97D /* HomeView.swift */,
				0BD2FC8E2D3EB55D005E07BF /* SetReminderView.swift */,
				0B348CDF2D3F298700A37C15 /* MapSelectionView.swift */,
				0B348CE12D3F2D9B00A37C15 /* RemindersView.swift */,
				0BB065232D432D62001D1B77 /* TaskRowView.swift */,
				0BED14CA2D46AB75001ECB21 /* EditAddressView.swift */,
			);
			path = Views;
			sourceTree = "<group>";
		};
		0BD2FC8B2D3E8E41005E07BF /* Components */ = {
			isa = PBXGroup;
			children = (
				0BD2FC8C2D3E8E94005E07BF /* GradientText.swift */,
			);
			path = Components;
			sourceTree = "<group>";
		};
		0BFDEF7E2D3D55E100ABF97D = {
			isa = PBXGroup;
			children = (
				0B1715A72D431CEF001223F7 /* AmiKoi.xcdatamodeld */,
				0BFDEF892D3D55E100ABF97D /* Ami koi */,
				0BFDEF882D3D55E100ABF97D /* Products */,
			);
			sourceTree = "<group>";
		};
		0BFDEF882D3D55E100ABF97D /* Products */ = {
			isa = PBXGroup;
			children = (
				0BFDEF872D3D55E100ABF97D /* Ami koi.app */,
			);
			name = Products;
			sourceTree = "<group>";
		};
		0BFDEF892D3D55E100ABF97D /* Ami koi */ = {
			isa = PBXGroup;
			children = (
				0B1715AA2D431D21001223F7 /* Services */,
				0B66473B2D40C63400FB9C75 /* Views */,
				0B348CD82D3F25FB00A37C15 /* Router */,
				0BD2FC8B2D3E8E41005E07BF /* Components */,
				0B0732B82D3DE4C7008EAE7B /* Models */,
				0B0732B52D3DE483008EAE7B /* Resources */,
				0B0732B22D3DE1F4008EAE7B /* Enum */,
				0B0732AF2D3DD7DD008EAE7B /* Utils */,
				0B0732AC2D3DD650008EAE7B /* Exensions */,
				0BFDEF9C2D3D634F00ABF97D /* Ami-koi-Info.plist */,
				0BFDEF8A2D3D55E100ABF97D /* Ami_koiApp.swift */,
				0BFDEF8E2D3D55E200ABF97D /* Assets.xcassets */,
				0BFDEF902D3D55E200ABF97D /* Preview Content */,
				0BFDEF982D3D5D3C00ABF97D /* LocationRoot.swift */,
				0B348CE32D3F348C00A37C15 /* ReminderRoot.swift */,
				0BB71F9B2D4084570054E85C /* LocationManager.swift */,
			);
			path = "Ami koi";
			sourceTree = "<group>";
		};
		0BFDEF902D3D55E200ABF97D /* Preview Content */ = {
			isa = PBXGroup;
			children = (
				0BFDEF912D3D55E200ABF97D /* Preview Assets.xcassets */,
			);
			path = "Preview Content";
			sourceTree = "<group>";
		};
/* End PBXGroup section */

/* Begin PBXNativeTarget section */
		0BFDEF862D3D55E100ABF97D /* Ami koi */ = {
			isa = PBXNativeTarget;
			buildConfigurationList = 0BFDEF952D3D55E200ABF97D /* Build configuration list for PBXNativeTarget "Ami koi" */;
			buildPhases = (
				0BFDEF832D3D55E100ABF97D /* Sources */,
				0BFDEF842D3D55E100ABF97D /* Frameworks */,
				0BFDEF852D3D55E100ABF97D /* Resources */,
			);
			buildRules = (
			);
			dependencies = (
			);
			name = "Ami koi";
			productName = "Ami koi";
			productReference = 0BFDEF872D3D55E100ABF97D /* Ami koi.app */;
			productType = "com.apple.product-type.application";
		};
/* End PBXNativeTarget section */

/* Begin PBXProject section */
		0BFDEF7F2D3D55E100ABF97D /* Project object */ = {
			isa = PBXProject;
			attributes = {
				BuildIndependentTargetsInParallel = 1;
				LastSwiftUpdateCheck = 1520;
				LastUpgradeCheck = 1520;
				TargetAttributes = {
					0BFDEF862D3D55E100ABF97D = {
						CreatedOnToolsVersion = 15.2;
					};
				};
			};
			buildConfigurationList = 0BFDEF822D3D55E100ABF97D /* Build configuration list for PBXProject "Ami koi" */;
			compatibilityVersion = "Xcode 14.0";
			developmentRegion = en;
			hasScannedForEncodings = 0;
			knownRegions = (
				en,
				Base,
			);
			mainGroup = 0BFDEF7E2D3D55E100ABF97D;
			productRefGroup = 0BFDEF882D3D55E100ABF97D /* Products */;
			projectDirPath = "";
			projectRoot = "";
			targets = (
				0BFDEF862D3D55E100ABF97D /* Ami koi */,
			);
		};
/* End PBXProject section */

/* Begin PBXResourcesBuildPhase section */
		0BFDEF852D3D55E100ABF97D /* Resources */ = {
			isa = PBXResourcesBuildPhase;
			buildActionMask = 2147483647;
			files = (
				0BFDEF922D3D55E200ABF97D /* Preview Assets.xcassets in Resources */,
				0BFDEF8F2D3D55E200ABF97D /* Assets.xcassets in Resources */,
				0B0732B72D3DE499008EAE7B /* quotes.json in Resources */,
			);
			runOnlyForDeploymentPostprocessing = 0;
		};
/* End PBXResourcesBuildPhase section */

/* Begin PBXSourcesBuildPhase section */
		0BFDEF832D3D55E100ABF97D /* Sources */ = {
			isa = PBXSourcesBuildPhase;
			buildActionMask = 2147483647;
			files = (
				0B1715AD2D431D78001223F7 /* PersistenceController.swift in Sources */,
				0B1645502D42A7A800BD1116 /* String+Extenssion.swift in Sources */,
				0B1715A92D431CEF001223F7 /* AmiKoi.xcdatamodeld in Sources */,
				0B348CE02D3F298700A37C15 /* MapSelectionView.swift in Sources */,
				0BD2FC8F2D3EB55D005E07BF /* SetReminderView.swift in Sources */,
				0B0732BA2D3DE4D7008EAE7B /* Quotes.swift in Sources */,
				0B0732B12D3DD828008EAE7B /* LocationUtils.swift in Sources */,
				0B348CE42D3F348C00A37C15 /* ReminderRoot.swift in Sources */,
				0B51A6712D451D2100E6CD8C /* NotificationDelegate.swift in Sources */,
				0B348CDE2D3F270600A37C15 /* RouteHandler.swift in Sources */,
				0B348CDA2D3F26DD00A37C15 /* Route.swift in Sources */,
				0BFDEF9B2D3D615500ABF97D /* HomeView.swift in Sources */,
				0B1E421C2D4123AD004B6FBD /* ArgEnum.swift in Sources */,
				0BFDEF992D3D5D3C00ABF97D /* LocationRoot.swift in Sources */,
				0BB065242D432D62001D1B77 /* TaskRowView.swift in Sources */,
				0BFDEF8B2D3D55E100ABF97D /* Ami_koiApp.swift in Sources */,
				0BD2FC8D2D3E8E94005E07BF /* GradientText.swift in Sources */,
				0B0732BC2D3DE50B008EAE7B /* QuoteProvider.swift in Sources */,
				0BED14CB2D46AB75001ECB21 /* EditAddressView.swift in Sources */,
				0B348CDC2D3F26EA00A37C15 /* Router.swift in Sources */,
				0B348CE22D3F2D9B00A37C15 /* RemindersView.swift in Sources */,
				0B0732AE2D3DD677008EAE7B /* CLPlacemark+Extension.swift in Sources */,
				0B5CAB6E2D44953900C93954 /* LocationManagerService.swift in Sources */,
				0BD2FC912D3EBA47005E07BF /* View+Extension.swift in Sources */,
				0B5CAB702D4498D500C93954 /* TaskManager.swift in Sources */,
				0BB71F9C2D4084570054E85C /* LocationManager.swift in Sources */,
				0B0732B42D3DE20F008EAE7B /* TimeOfDayGreetings.swift in Sources */,
			);
			runOnlyForDeploymentPostprocessing = 0;
		};
/* End PBXSourcesBuildPhase section */

/* Begin XCBuildConfiguration section */
		0BFDEF932D3D55E200ABF97D /* Debug */ = {
			isa = XCBuildConfiguration;
			buildSettings = {
				ALWAYS_SEARCH_USER_PATHS = NO;
				ASSETCATALOG_COMPILER_GENERATE_SWIFT_ASSET_SYMBOL_EXTENSIONS = YES;
				CLANG_ANALYZER_NONNULL = YES;
				CLANG_ANALYZER_NUMBER_OBJECT_CONVERSION = YES_AGGRESSIVE;
				CLANG_CXX_LANGUAGE_STANDARD = "gnu++20";
				CLANG_ENABLE_MODULES = YES;
				CLANG_ENABLE_OBJC_ARC = YES;
				CLANG_ENABLE_OBJC_WEAK = YES;
				CLANG_WARN_BLOCK_CAPTURE_AUTORELEASING = YES;
				CLANG_WARN_BOOL_CONVERSION = YES;
				CLANG_WARN_COMMA = YES;
				CLANG_WARN_CONSTANT_CONVERSION = YES;
				CLANG_WARN_DEPRECATED_OBJC_IMPLEMENTATIONS = YES;
				CLANG_WARN_DIRECT_OBJC_ISA_USAGE = YES_ERROR;
				CLANG_WARN_DOCUMENTATION_COMMENTS = YES;
				CLANG_WARN_EMPTY_BODY = YES;
				CLANG_WARN_ENUM_CONVERSION = YES;
				CLANG_WARN_INFINITE_RECURSION = YES;
				CLANG_WARN_INT_CONVERSION = YES;
				CLANG_WARN_NON_LITERAL_NULL_CONVERSION = YES;
				CLANG_WARN_OBJC_IMPLICIT_RETAIN_SELF = YES;
				CLANG_WARN_OBJC_LITERAL_CONVERSION = YES;
				CLANG_WARN_OBJC_ROOT_CLASS = YES_ERROR;
				CLANG_WARN_QUOTED_INCLUDE_IN_FRAMEWORK_HEADER = YES;
				CLANG_WARN_RANGE_LOOP_ANALYSIS = YES;
				CLANG_WARN_STRICT_PROTOTYPES = YES;
				CLANG_WARN_SUSPICIOUS_MOVE = YES;
				CLANG_WARN_UNGUARDED_AVAILABILITY = YES_AGGRESSIVE;
				CLANG_WARN_UNREACHABLE_CODE = YES;
				CLANG_WARN__DUPLICATE_METHOD_MATCH = YES;
				COPY_PHASE_STRIP = NO;
				DEBUG_INFORMATION_FORMAT = dwarf;
				ENABLE_STRICT_OBJC_MSGSEND = YES;
				ENABLE_TESTABILITY = YES;
				ENABLE_USER_SCRIPT_SANDBOXING = YES;
				GCC_C_LANGUAGE_STANDARD = gnu17;
				GCC_DYNAMIC_NO_PIC = NO;
				GCC_NO_COMMON_BLOCKS = YES;
				GCC_OPTIMIZATION_LEVEL = 0;
				GCC_PREPROCESSOR_DEFINITIONS = (
					"DEBUG=1",
					"$(inherited)",
				);
				GCC_WARN_64_TO_32_BIT_CONVERSION = YES;
				GCC_WARN_ABOUT_RETURN_TYPE = YES_ERROR;
				GCC_WARN_UNDECLARED_SELECTOR = YES;
				GCC_WARN_UNINITIALIZED_AUTOS = YES_AGGRESSIVE;
				GCC_WARN_UNUSED_FUNCTION = YES;
				GCC_WARN_UNUSED_VARIABLE = YES;
				IPHONEOS_DEPLOYMENT_TARGET = 17.2;
				LOCALIZATION_PREFERS_STRING_CATALOGS = YES;
				MTL_ENABLE_DEBUG_INFO = INCLUDE_SOURCE;
				MTL_FAST_MATH = YES;
				ONLY_ACTIVE_ARCH = YES;
				SDKROOT = iphoneos;
				SWIFT_ACTIVE_COMPILATION_CONDITIONS = "DEBUG $(inherited)";
				SWIFT_OPTIMIZATION_LEVEL = "-Onone";
			};
			name = Debug;
		};
		0BFDEF942D3D55E200ABF97D /* Release */ = {
			isa = XCBuildConfiguration;
			buildSettings = {
				ALWAYS_SEARCH_USER_PATHS = NO;
				ASSETCATALOG_COMPILER_GENERATE_SWIFT_ASSET_SYMBOL_EXTENSIONS = YES;
				CLANG_ANALYZER_NONNULL = YES;
				CLANG_ANALYZER_NUMBER_OBJECT_CONVERSION = YES_AGGRESSIVE;
				CLANG_CXX_LANGUAGE_STANDARD = "gnu++20";
				CLANG_ENABLE_MODULES = YES;
				CLANG_ENABLE_OBJC_ARC = YES;
				CLANG_ENABLE_OBJC_WEAK = YES;
				CLANG_WARN_BLOCK_CAPTURE_AUTORELEASING = YES;
				CLANG_WARN_BOOL_CONVERSION = YES;
				CLANG_WARN_COMMA = YES;
				CLANG_WARN_CONSTANT_CONVERSION = YES;
				CLANG_WARN_DEPRECATED_OBJC_IMPLEMENTATIONS = YES;
				CLANG_WARN_DIRECT_OBJC_ISA_USAGE = YES_ERROR;
				CLANG_WARN_DOCUMENTATION_COMMENTS = YES;
				CLANG_WARN_EMPTY_BODY = YES;
				CLANG_WARN_ENUM_CONVERSION = YES;
				CLANG_WARN_INFINITE_RECURSION = YES;
				CLANG_WARN_INT_CONVERSION = YES;
				CLANG_WARN_NON_LITERAL_NULL_CONVERSION = YES;
				CLANG_WARN_OBJC_IMPLICIT_RETAIN_SELF = YES;
				CLANG_WARN_OBJC_LITERAL_CONVERSION = YES;
				CLANG_WARN_OBJC_ROOT_CLASS = YES_ERROR;
				CLANG_WARN_QUOTED_INCLUDE_IN_FRAMEWORK_HEADER = YES;
				CLANG_WARN_RANGE_LOOP_ANALYSIS = YES;
				CLANG_WARN_STRICT_PROTOTYPES = YES;
				CLANG_WARN_SUSPICIOUS_MOVE = YES;
				CLANG_WARN_UNGUARDED_AVAILABILITY = YES_AGGRESSIVE;
				CLANG_WARN_UNREACHABLE_CODE = YES;
				CLANG_WARN__DUPLICATE_METHOD_MATCH = YES;
				COPY_PHASE_STRIP = NO;
				DEBUG_INFORMATION_FORMAT = "dwarf-with-dsym";
				ENABLE_NS_ASSERTIONS = NO;
				ENABLE_STRICT_OBJC_MSGSEND = YES;
				ENABLE_USER_SCRIPT_SANDBOXING = YES;
				GCC_C_LANGUAGE_STANDARD = gnu17;
				GCC_NO_COMMON_BLOCKS = YES;
				GCC_WARN_64_TO_32_BIT_CONVERSION = YES;
				GCC_WARN_ABOUT_RETURN_TYPE = YES_ERROR;
				GCC_WARN_UNDECLARED_SELECTOR = YES;
				GCC_WARN_UNINITIALIZED_AUTOS = YES_AGGRESSIVE;
				GCC_WARN_UNUSED_FUNCTION = YES;
				GCC_WARN_UNUSED_VARIABLE = YES;
				IPHONEOS_DEPLOYMENT_TARGET = 17.2;
				LOCALIZATION_PREFERS_STRING_CATALOGS = YES;
				MTL_ENABLE_DEBUG_INFO = NO;
				MTL_FAST_MATH = YES;
				SDKROOT = iphoneos;
				SWIFT_COMPILATION_MODE = wholemodule;
				VALIDATE_PRODUCT = YES;
			};
			name = Release;
		};
		0BFDEF962D3D55E200ABF97D /* Debug */ = {
			isa = XCBuildConfiguration;
			buildSettings = {
				ASSETCATALOG_COMPILER_APPICON_NAME = AppIcon;
				ASSETCATALOG_COMPILER_GLOBAL_ACCENT_COLOR_NAME = AccentColor;
				CODE_SIGN_STYLE = Automatic;
				CURRENT_PROJECT_VERSION = 1;
				DEVELOPMENT_ASSET_PATHS = "\"Ami koi/Preview Content\"";
				DEVELOPMENT_TEAM = W5JC56FH62;
				ENABLE_PREVIEWS = YES;
				GENERATE_INFOPLIST_FILE = YES;
				INFOPLIST_FILE = "Ami-koi-Info.plist";
				INFOPLIST_KEY_CFBundleDisplayName = AroundTask;
				INFOPLIST_KEY_NSLocationAlwaysUsageDescription = "Your location is required for xyz benefits for you";
				INFOPLIST_KEY_NSLocationWhenInUseUsageDescription = "Your location is required for xyz benefits for you";
				INFOPLIST_KEY_UIApplicationSceneManifest_Generation = YES;
				INFOPLIST_KEY_UIApplicationSupportsIndirectInputEvents = YES;
				INFOPLIST_KEY_UILaunchScreen_Generation = YES;
				INFOPLIST_KEY_UISupportedInterfaceOrientations_iPad = "UIInterfaceOrientationPortrait UIInterfaceOrientationPortraitUpsideDown UIInterfaceOrientationLandscapeLeft UIInterfaceOrientationLandscapeRight";
				INFOPLIST_KEY_UISupportedInterfaceOrientations_iPhone = "UIInterfaceOrientationPortrait UIInterfaceOrientationLandscapeLeft UIInterfaceOrientationLandscapeRight";
				IPHONEOS_DEPLOYMENT_TARGET = 16.1;
				LD_RUNPATH_SEARCH_PATHS = (
					"$(inherited)",
					"@executable_path/Frameworks",
				);
				MARKETING_VERSION = 1.0;
				PRODUCT_BUNDLE_IDENTIFIER = "doctimetest.com.Ami-koi";
				PRODUCT_NAME = "$(TARGET_NAME)";
				SWIFT_EMIT_LOC_STRINGS = YES;
				SWIFT_VERSION = 5.0;
				TARGETED_DEVICE_FAMILY = "1,2";
			};
			name = Debug;
		};
		0BFDEF972D3D55E200ABF97D /* Release */ = {
			isa = XCBuildConfiguration;
			buildSettings = {
				ASSETCATALOG_COMPILER_APPICON_NAME = AppIcon;
				ASSETCATALOG_COMPILER_GLOBAL_ACCENT_COLOR_NAME = AccentColor;
				CODE_SIGN_STYLE = Automatic;
				CURRENT_PROJECT_VERSION = 1;
				DEVELOPMENT_ASSET_PATHS = "\"Ami koi/Preview Content\"";
				DEVELOPMENT_TEAM = W5JC56FH62;
				ENABLE_PREVIEWS = YES;
				GENERATE_INFOPLIST_FILE = YES;
				INFOPLIST_FILE = "Ami-koi-Info.plist";
				INFOPLIST_KEY_CFBundleDisplayName = AroundTask;
				INFOPLIST_KEY_NSLocationAlwaysUsageDescription = "Your location is required for xyz benefits for you";
				INFOPLIST_KEY_NSLocationWhenInUseUsageDescription = "Your location is required for xyz benefits for you";
				INFOPLIST_KEY_UIApplicationSceneManifest_Generation = YES;
				INFOPLIST_KEY_UIApplicationSupportsIndirectInputEvents = YES;
				INFOPLIST_KEY_UILaunchScreen_Generation = YES;
				INFOPLIST_KEY_UISupportedInterfaceOrientations_iPad = "UIInterfaceOrientationPortrait UIInterfaceOrientationPortraitUpsideDown UIInterfaceOrientationLandscapeLeft UIInterfaceOrientationLandscapeRight";
				INFOPLIST_KEY_UISupportedInterfaceOrientations_iPhone = "UIInterfaceOrientationPortrait UIInterfaceOrientationLandscapeLeft UIInterfaceOrientationLandscapeRight";
				IPHONEOS_DEPLOYMENT_TARGET = 16.1;
				LD_RUNPATH_SEARCH_PATHS = (
					"$(inherited)",
					"@executable_path/Frameworks",
				);
				MARKETING_VERSION = 1.0;
				PRODUCT_BUNDLE_IDENTIFIER = "doctimetest.com.Ami-koi";
				PRODUCT_NAME = "$(TARGET_NAME)";
				SWIFT_EMIT_LOC_STRINGS = YES;
				SWIFT_VERSION = 5.0;
				TARGETED_DEVICE_FAMILY = "1,2";
			};
			name = Release;
		};
/* End XCBuildConfiguration section */

/* Begin XCConfigurationList section */
		0BFDEF822D3D55E100ABF97D /* Build configuration list for PBXProject "Ami koi" */ = {
			isa = XCConfigurationList;
			buildConfigurations = (
				0BFDEF932D3D55E200ABF97D /* Debug */,
				0BFDEF942D3D55E200ABF97D /* Release */,
			);
			defaultConfigurationIsVisible = 0;
			defaultConfigurationName = Release;
		};
		0BFDEF952D3D55E200ABF97D /* Build configuration list for PBXNativeTarget "Ami koi" */ = {
			isa = XCConfigurationList;
			buildConfigurations = (
				0BFDEF962D3D55E200ABF97D /* Debug */,
				0BFDEF972D3D55E200ABF97D /* Release */,
			);
			defaultConfigurationIsVisible = 0;
			defaultConfigurationName = Release;
		};
/* End XCConfigurationList section */

/* Begin XCVersionGroup section */
		0B1715A72D431CEF001223F7 /* AmiKoi.xcdatamodeld */ = {
			isa = XCVersionGroup;
			children = (
				0B1715A82D431CEF001223F7 /* AmiKoi.xcdatamodel */,
			);
			currentVersion = 0B1715A82D431CEF001223F7 /* AmiKoi.xcdatamodel */;
			path = AmiKoi.xcdatamodeld;
			sourceTree = "<group>";
			versionGroupType = wrapper.xcdatamodel;
		};
/* End XCVersionGroup section */
	};
	rootObject = 0BFDEF7F2D3D55E100ABF97D /* Project object */;
}
